
Microsoft Visual Studio Solution File, Format Version 12.00
# Visual Studio Version 17
VisualStudioVersion = 17.10.35013.160
MinimumVisualStudioVersion = 10.0.40219.1
Project("{9A19103F-16F7-4668-BE54-9A1E7A4F7556}") = "PS4-DNSfilter", "PS4-DNSfilter.csproj", "{BA614567-8D2D-40AD-A6E7-71BE995ED473}"
EndProject
Global
	GlobalSection(SolutionConfigurationPlatforms) = preSolution
		Debug|Any CPU = Debug|Any CPU
		Release|Any CPU = Release|Any CPU
	EndGlobalSection
	GlobalSection(ProjectConfigurationPlatforms) = postSolution
		{BA614567-8D2D-40AD-A6E7-71BE995ED473}.Debug|Any CPU.ActiveCfg = Debug|Any CPU
		{BA614567-8D2D-40AD-A6E7-71BE995ED473}.Debug|Any CPU.Build.0 = Debug|Any CPU
		{BA614567-8D2D-40AD-A6E7-71BE995ED473}.Release|Any CPU.ActiveCfg = Release|Any CPU
		{BA614567-8D2D-40AD-A6E7-71BE995ED473}.Release|Any CPU.Build.0 = Release|Any CPU
	EndGlobalSection
	GlobalSection(SolutionProperties) = preSolution
		HideSolutionNode = FALSE
	EndGlobalSection
	GlobalSection(ExtensibilityGlobals) = postSolution
		SolutionGuid = {4DDAE285-A2C8-4F9A-9401-4782AFC82C75}
	EndGlobalSection
EndGlobal
